// !$*UTF8*$!
{
	archiveVersion = 1;
	classes = {
	};
	objectVersion = 48;
	objects = {

/* Begin PBXBuildFile section */
		2D5ACCE72075B221002AAD75 /* AppDelegate.swift in Sources */ = {isa = PBXBuildFile; fileRef = 2D5ACCE62075B221002AAD75 /* AppDelegate.swift */; };
		2D5ACCEC2075B221002AAD75 /* Main.storyboard in Resources */ = {isa = PBXBuildFile; fileRef = 2D5ACCEA2075B221002AAD75 /* Main.storyboard */; };
		2D5ACCEE2075B221002AAD75 /* Assets.xcassets in Resources */ = {isa = PBXBuildFile; fileRef = 2D5ACCED2075B221002AAD75 /* Assets.xcassets */; };
		2D5ACCF12075B221002AAD75 /* LaunchScreen.storyboard in Resources */ = {isa = PBXBuildFile; fileRef = 2D5ACCEF2075B221002AAD75 /* LaunchScreen.storyboard */; };
		2D5ACCF92075B2BA002AAD75 /* RestaurantViewController.swift in Sources */ = {isa = PBXBuildFile; fileRef = 2D5ACCF82075B2BA002AAD75 /* RestaurantViewController.swift */; };
		2D89FDC82076F8FC00709E00 /* RestaurantsPresenter.swift in Sources */ = {isa = PBXBuildFile; fileRef = 2D89FDC72076F8FC00709E00 /* RestaurantsPresenter.swift */; };
		2D89FDCA2076F90D00709E00 /* RestaurantDataSource.swift in Sources */ = {isa = PBXBuildFile; fileRef = 2D89FDC92076F90D00709E00 /* RestaurantDataSource.swift */; };
		2D89FDCC2076F99A00709E00 /* RestaurantsCell.swift in Sources */ = {isa = PBXBuildFile; fileRef = 2D89FDCB2076F99A00709E00 /* RestaurantsCell.swift */; };
		2D89FDCE2076FB6A00709E00 /* Restaurant.swift in Sources */ = {isa = PBXBuildFile; fileRef = 2D89FDCD2076FB6900709E00 /* Restaurant.swift */; };
		2D89FDD22077111000709E00 /* RestaurantNavigationController.swift in Sources */ = {isa = PBXBuildFile; fileRef = 2D89FDD12077111000709E00 /* RestaurantNavigationController.swift */; };
/* End PBXBuildFile section */

/* Begin PBXFileReference section */
		2D5ACCE32075B221002AAD75 /* CollectionViewSearching.app */ = {isa = PBXFileReference; explicitFileType = wrapper.application; includeInIndex = 0; path = CollectionViewSearching.app; sourceTree = BUILT_PRODUCTS_DIR; };
		2D5ACCE62075B221002AAD75 /* AppDelegate.swift */ = {isa = PBXFileReference; lastKnownFileType = sourcecode.swift; path = AppDelegate.swift; sourceTree = "<group>"; };
		2D5ACCEB2075B221002AAD75 /* Base */ = {isa = PBXFileReference; lastKnownFileType = file.storyboard; name = Base; path = Base.lproj/Main.storyboard; sourceTree = "<group>"; };
		2D5ACCED2075B221002AAD75 /* Assets.xcassets */ = {isa = PBXFileReference; lastKnownFileType = folder.assetcatalog; path = Assets.xcassets; sourceTree = "<group>"; };
		2D5ACCF02075B221002AAD75 /* Base */ = {isa = PBXFileReference; lastKnownFileType = file.storyboard; name = Base; path = Base.lproj/LaunchScreen.storyboard; sourceTree = "<group>"; };
		2D5ACCF22075B221002AAD75 /* Info.plist */ = {isa = PBXFileReference; lastKnownFileType = text.plist.xml; path = Info.plist; sourceTree = "<group>"; };
		2D5ACCF82075B2BA002AAD75 /* RestaurantViewController.swift */ = {isa = PBXFileReference; lastKnownFileType = sourcecode.swift; path = RestaurantViewController.swift; sourceTree = "<group>"; };
		2D89FDC72076F8FC00709E00 /* RestaurantsPresenter.swift */ = {isa = PBXFileReference; lastKnownFileType = sourcecode.swift; path = RestaurantsPresenter.swift; sourceTree = "<group>"; };
		2D89FDC92076F90D00709E00 /* RestaurantDataSource.swift */ = {isa = PBXFileReference; lastKnownFileType = sourcecode.swift; path = RestaurantDataSource.swift; sourceTree = "<group>"; };
		2D89FDCB2076F99A00709E00 /* RestaurantsCell.swift */ = {isa = PBXFileReference; lastKnownFileType = sourcecode.swift; path = RestaurantsCell.swift; sourceTree = "<group>"; };
		2D89FDCD2076FB6900709E00 /* Restaurant.swift */ = {isa = PBXFileReference; lastKnownFileType = sourcecode.swift; path = Restaurant.swift; sourceTree = "<group>"; };
		2D89FDD12077111000709E00 /* RestaurantNavigationController.swift */ = {isa = PBXFileReference; fileEncoding = 4; lastKnownFileType = sourcecode.swift; path = RestaurantNavigationController.swift; sourceTree = "<group>"; };
/* End PBXFileReference section */

/* Begin PBXFrameworksBuildPhase section */
		2D5ACCE02075B221002AAD75 /* Frameworks */ = {
			isa = PBXFrameworksBuildPhase;
			buildActionMask = 2147483647;
			files = (
			);
			runOnlyForDeploymentPostprocessing = 0;
		};
/* End PBXFrameworksBuildPhase section */

/* Begin PBXGroup section */
		2D5ACCDA2075B221002AAD75 = {
			isa = PBXGroup;
			children = (
				2D5ACCE52075B221002AAD75 /* CollectionViewSearching */,
				2D5ACCE42075B221002AAD75 /* Products */,
			);
			sourceTree = "<group>";
		};
		2D5ACCE42075B221002AAD75 /* Products */ = {
			isa = PBXGroup;
			children = (
				2D5ACCE32075B221002AAD75 /* CollectionViewSearching.app */,
			);
			name = Products;
			sourceTree = "<group>";
		};
		2D5ACCE52075B221002AAD75 /* CollectionViewSearching */ = {
			isa = PBXGroup;
			children = (
				2D5ACCE62075B221002AAD75 /* AppDelegate.swift */,
				2D89FDD12077111000709E00 /* RestaurantNavigationController.swift */,
				2D5ACCF82075B2BA002AAD75 /* RestaurantViewController.swift */,
				2D89FDC72076F8FC00709E00 /* RestaurantsPresenter.swift */,
				2D89FDC92076F90D00709E00 /* RestaurantDataSource.swift */,
				2D89FDCD2076FB6900709E00 /* Restaurant.swift */,
				2D89FDCB2076F99A00709E00 /* RestaurantsCell.swift */,
				2D5ACCEA2075B221002AAD75 /* Main.storyboard */,
				2D5ACCED2075B221002AAD75 /* Assets.xcassets */,
				2D5ACCEF2075B221002AAD75 /* LaunchScreen.storyboard */,
				2D5ACCF22075B221002AAD75 /* Info.plist */,
			);
			path = CollectionViewSearching;
			sourceTree = "<group>";
		};
/* End PBXGroup section */

/* Begin PBXNativeTarget section */
		2D5ACCE22075B221002AAD75 /* CollectionViewSearching */ = {
			isa = PBXNativeTarget;
			buildConfigurationList = 2D5ACCF52075B221002AAD75 /* Build configuration list for PBXNativeTarget "CollectionViewSearching" */;
			buildPhases = (
				2D5ACCDF2075B221002AAD75 /* Sources */,
				2D5ACCE02075B221002AAD75 /* Frameworks */,
				2D5ACCE12075B221002AAD75 /* Resources */,
			);
			buildRules = (
			);
			dependencies = (
			);
			name = CollectionViewSearching;
			productName = CollectionViewSearching;
			productReference = 2D5ACCE32075B221002AAD75 /* CollectionViewSearching.app */;
			productType = "com.apple.product-type.application";
		};
/* End PBXNativeTarget section */

/* Begin PBXProject section */
		2D5ACCDB2075B221002AAD75 /* Project object */ = {
			isa = PBXProject;
			attributes = {
				LastSwiftUpdateCheck = 0920;
				LastUpgradeCheck = 0920;
				ORGANIZATIONNAME = "Simon Mc Neil";
				TargetAttributes = {
					2D5ACCE22075B221002AAD75 = {
						CreatedOnToolsVersion = 9.2;
						ProvisioningStyle = Automatic;
					};
				};
			};
			buildConfigurationList = 2D5ACCDE2075B221002AAD75 /* Build configuration list for PBXProject "CollectionViewSearching" */;
			compatibilityVersion = "Xcode 8.0";
			developmentRegion = en;
			hasScannedForEncodings = 0;
			knownRegions = (
				en,
				Base,
			);
			mainGroup = 2D5ACCDA2075B221002AAD75;
			productRefGroup = 2D5ACCE42075B221002AAD75 /* Products */;
			projectDirPath = "";
			projectRoot = "";
			targets = (
				2D5ACCE22075B221002AAD75 /* CollectionViewSearching */,
			);
		};
/* End PBXProject section */

/* Begin PBXResourcesBuildPhase section */
		2D5ACCE12075B221002AAD75 /* Resources */ = {
			isa = PBXResourcesBuildPhase;
			buildActionMask = 2147483647;
			files = (
				2D5ACCF12075B221002AAD75 /* LaunchScreen.storyboard in Resources */,
				2D5ACCEE2075B221002AAD75 /* Assets.xcassets in Resources */,
				2D5ACCEC2075B221002AAD75 /* Main.storyboard in Resources */,
			);
			runOnlyForDeploymentPostprocessing = 0;
		};
/* End PBXResourcesBuildPhase section */

/* Begin PBXSourcesBuildPhase section */
		2D5ACCDF2075B221002AAD75 /* Sources */ = {
			isa = PBXSourcesBuildPhase;
			buildActionMask = 2147483647;
			files = (
				2D89FDC82076F8FC00709E00 /* RestaurantsPresenter.swift in Sources */,
				2D89FDCA2076F90D00709E00 /* RestaurantDataSource.swift in Sources */,
				2D89FDCE2076FB6A00709E00 /* Restaurant.swift in Sources */,
				2D5ACCE72075B221002AAD75 /* AppDelegate.swift in Sources */,
				2D89FDD22077111000709E00 /* RestaurantNavigationController.swift in Sources */,
				2D89FDCC2076F99A00709E00 /* RestaurantsCell.swift in Sources */,
				2D5ACCF92075B2BA002AAD75 /* RestaurantViewController.swift in Sources */,
			);
			runOnlyForDeploymentPostprocessing = 0;
		};
/* End PBXSourcesBuildPhase section */

/* Begin PBXVariantGroup section */
		2D5ACCEA2075B221002AAD75 /* Main.storyboard */ = {
			isa = PBXVariantGroup;
			children = (
				2D5ACCEB2075B221002AAD75 /* Base */,
			);
			name = Main.storyboard;
			sourceTree = "<group>";
		};
		2D5ACCEF2075B221002AAD75 /* LaunchScreen.storyboard */ = {
			isa = PBXVariantGroup;
			children = (
				2D5ACCF02075B221002AAD75 /* Base */,
			);
			name = LaunchScreen.storyboard;
			sourceTree = "<group>";
		};
/* End PBXVariantGroup section */

/* Begin XCBuildConfiguration section */
		2D5ACCF32075B221002AAD75 /* Debug */ = {
			isa = XCBuildConfiguration;
			buildSettings = {
				ALWAYS_SEARCH_USER_PATHS = NO;
				CLANG_ANALYZER_NONNULL = YES;
				CLANG_ANALYZER_NUMBER_OBJECT_CONVERSION = YES_AGGRESSIVE;
				CLANG_CXX_LANGUAGE_STANDARD = "gnu++14";
				CLANG_CXX_LIBRARY = "libc++";
				CLANG_ENABLE_MODULES = YES;
				CLANG_ENABLE_OBJC_ARC = YES;
				CLANG_WARN_BLOCK_CAPTURE_AUTORELEASING = YES;
				CLANG_WARN_BOOL_CONVERSION = YES;
				CLANG_WARN_COMMA = YES;
				CLANG_WARN_CONSTANT_CONVERSION = YES;
				CLANG_WARN_DIRECT_OBJC_ISA_USAGE = YES_ERROR;
				CLANG_WARN_DOCUMENTATION_COMMENTS = YES;
				CLANG_WARN_EMPTY_BODY = YES;
				CLANG_WARN_ENUM_CONVERSION = YES;
				CLANG_WARN_INFINITE_RECURSION = YES;
				CLANG_WARN_INT_CONVERSION = YES;
				CLANG_WARN_NON_LITERAL_NULL_CONVERSION = YES;
				CLANG_WARN_OBJC_LITERAL_CONVERSION = YES;
				CLANG_WARN_OBJC_ROOT_CLASS = YES_ERROR;
				CLANG_WARN_RANGE_LOOP_ANALYSIS = YES;
				CLANG_WARN_STRICT_PROTOTYPES = YES;
				CLANG_WARN_SUSPICIOUS_MOVE = YES;
				CLANG_WARN_UNGUARDED_AVAILABILITY = YES_AGGRESSIVE;
				CLANG_WARN_UNREACHABLE_CODE = YES;
				CLANG_WARN__DUPLICATE_METHOD_MATCH = YES;
				CODE_SIGN_IDENTITY = "iPhone Developer";
				COPY_PHASE_STRIP = NO;
				DEBUG_INFORMATION_FORMAT = dwarf;
				ENABLE_STRICT_OBJC_MSGSEND = YES;
				ENABLE_TESTABILITY = YES;
				GCC_C_LANGUAGE_STANDARD = gnu11;
				GCC_DYNAMIC_NO_PIC = NO;
				GCC_NO_COMMON_BLOCKS = YES;
				GCC_OPTIMIZATION_LEVEL = 0;
				GCC_PREPROCESSOR_DEFINITIONS = (
					"DEBUG=1",
					"$(inherited)",
				);
				GCC_WARN_64_TO_32_BIT_CONVERSION = YES;
				GCC_WARN_ABOUT_RETURN_TYPE = YES_ERROR;
				GCC_WARN_UNDECLARED_SELECTOR = YES;
				GCC_WARN_UNINITIALIZED_AUTOS = YES_AGGRESSIVE;
				GCC_WARN_UNUSED_FUNCTION = YES;
				GCC_WARN_UNUSED_VARIABLE = YES;
				IPHONEOS_DEPLOYMENT_TARGET = 11.2;
				MTL_ENABLE_DEBUG_INFO = YES;
				ONLY_ACTIVE_ARCH = YES;
				SDKROOT = iphoneos;
				SWIFT_ACTIVE_COMPILATION_CONDITIONS = DEBUG;
				SWIFT_OPTIMIZATION_LEVEL = "-Onone";
			};
			name = Debug;
		};
		2D5ACCF42075B221002AAD75 /* Release */ = {
			isa = XCBuildConfiguration;
			buildSettings = {
				ALWAYS_SEARCH_USER_PATHS = NO;
				CLANG_ANALYZER_NONNULL = YES;
				CLANG_ANALYZER_NUMBER_OBJECT_CONVERSION = YES_AGGRESSIVE;
				CLANG_CXX_LANGUAGE_STANDARD = "gnu++14";
				CLANG_CXX_LIBRARY = "libc++";
				CLANG_ENABLE_MODULES = YES;
				CLANG_ENABLE_OBJC_ARC = YES;
				CLANG_WARN_BLOCK_CAPTURE_AUTORELEASING = YES;
				CLANG_WARN_BOOL_CONVERSION = YES;
				CLANG_WARN_COMMA = YES;
				CLANG_WARN_CONSTANT_CONVERSION = YES;
				CLANG_WARN_DIRECT_OBJC_ISA_USAGE = YES_ERROR;
				CLANG_WARN_DOCUMENTATION_COMMENTS = YES;
				CLANG_WARN_EMPTY_BODY = YES;
				CLANG_WARN_ENUM_CONVERSION = YES;
				CLANG_WARN_INFINITE_RECURSION = YES;
				CLANG_WARN_INT_CONVERSION = YES;
				CLANG_WARN_NON_LITERAL_NULL_CONVERSION = YES;
				CLANG_WARN_OBJC_LITERAL_CONVERSION = YES;
				CLANG_WARN_OBJC_ROOT_CLASS = YES_ERROR;
				CLANG_WARN_RANGE_LOOP_ANALYSIS = YES;
				CLANG_WARN_STRICT_PROTOTYPES = YES;
				CLANG_WARN_SUSPICIOUS_MOVE = YES;
				CLANG_WARN_UNGUARDED_AVAILABILITY = YES_AGGRESSIVE;
				CLANG_WARN_UNREACHABLE_CODE = YES;
				CLANG_WARN__DUPLICATE_METHOD_MATCH = YES;
				CODE_SIGN_IDENTITY = "iPhone Developer";
				COPY_PHASE_STRIP = NO;
				DEBUG_INFORMATION_FORMAT = "dwarf-with-dsym";
				ENABLE_NS_ASSERTIONS = NO;
				ENABLE_STRICT_OBJC_MSGSEND = YES;
				GCC_C_LANGUAGE_STANDARD = gnu11;
				GCC_NO_COMMON_BLOCKS = YES;
				GCC_WARN_64_TO_32_BIT_CONVERSION = YES;
				GCC_WARN_ABOUT_RETURN_TYPE = YES_ERROR;
				GCC_WARN_UNDECLARED_SELECTOR = YES;
				GCC_WARN_UNINITIALIZED_AUTOS = YES_AGGRESSIVE;
				GCC_WARN_UNUSED_FUNCTION = YES;
				GCC_WARN_UNUSED_VARIABLE = YES;
				IPHONEOS_DEPLOYMENT_TARGET = 11.2;
				MTL_ENABLE_DEBUG_INFO = NO;
				SDKROOT = iphoneos;
				SWIFT_OPTIMIZATION_LEVEL = "-Owholemodule";
				VALIDATE_PRODUCT = YES;
			};
			name = Release;
		};
		2D5ACCF62075B221002AAD75 /* Debug */ = {
			isa = XCBuildConfiguration;
			buildSettings = {
				ALWAYS_EMBED_SWIFT_STANDARD_LIBRARIES = YES;
				ASSETCATALOG_COMPILER_APPICON_NAME = AppIcon;
				CODE_SIGN_STYLE = Automatic;
				DEVELOPMENT_TEAM = TKB32CN29K;
				EMBED_ASSET_PACKS_IN_PRODUCT_BUNDLE = YES;
				INFOPLIST_FILE = CollectionViewSearching/Info.plist;
				LD_RUNPATH_SEARCH_PATHS = "$(inherited) @executable_path/Frameworks";
				PRODUCT_BUNDLE_IDENTIFIER = com.SimonMcNeil.CollectionViewSearching;
				PRODUCT_NAME = "$(TARGET_NAME)";
				SWIFT_VERSION = 4.0;
				TARGETED_DEVICE_FAMILY = "1,2";
			};
			name = Debug;
		};
		2D5ACCF72075B221002AAD75 /* Release */ = {
			isa = XCBuildConfiguration;
			buildSettings = {
				ALWAYS_EMBED_SWIFT_STANDARD_LIBRARIES = YES;
				ASSETCATALOG_COMPILER_APPICON_NAME = AppIcon;
				CODE_SIGN_STYLE = Automatic;
				DEVELOPMENT_TEAM = TKB32CN29K;
				EMBED_ASSET_PACKS_IN_PRODUCT_BUNDLE = YES;
				INFOPLIST_FILE = CollectionViewSearching/Info.plist;
				LD_RUNPATH_SEARCH_PATHS = "$(inherited) @executable_path/Frameworks";
				PRODUCT_BUNDLE_IDENTIFIER = com.SimonMcNeil.CollectionViewSearching;
				PRODUCT_NAME = "$(TARGET_NAME)";
				SWIFT_VERSION = 4.0;
				TARGETED_DEVICE_FAMILY = "1,2";
			};
			name = Release;
		};
/* End XCBuildConfiguration section */

/* Begin XCConfigurationList section */
		2D5ACCDE2075B221002AAD75 /* Build configuration list for PBXProject "CollectionViewSearching" */ = {
			isa = XCConfigurationList;
			buildConfigurations = (
				2D5ACCF32075B221002AAD75 /* Debug */,
				2D5ACCF42075B221002AAD75 /* Release */,
			);
			defaultConfigurationIsVisible = 0;
			defaultConfigurationName = Release;
		};
		2D5ACCF52075B221002AAD75 /* Build configuration list for PBXNativeTarget "CollectionViewSearching" */ = {
			isa = XCConfigurationList;
			buildConfigurations = (
				2D5ACCF62075B221002AAD75 /* Debug */,
				2D5ACCF72075B221002AAD75 /* Release */,
			);
			defaultConfigurationIsVisible = 0;
			defaultConfigurationName = Release;
		};
/* End XCConfigurationList section */
	};
	rootObject = 2D5ACCDB2075B221002AAD75 /* Project object */;
}
